{
  "name": "clawplay",
  "version": "0.1.11",
  "lockfileVersion": 3,
  "requires": true,
  "packages": {
    "": {
      "name": "clawplay",
      "version": "0.1.11",
      "license": "MIT",
      "os": [
        "darwin",
        "linux"
      ],
      "dependencies": {
        "clawplay": "^0.1.10"
      },
      "bin": {
        "clawplay": "clawplay"
      },
      "engines": {
        "node": ">=18"
      }
    },
    "node_modules/clawplay": {
      "version": "0.1.10",
      "resolved": "https://registry.npmjs.org/clawplay/-/clawplay-0.1.10.tgz",
      "integrity": "sha512-92PApCG94GMIsJ0PSRATTPwSzPM3TEU4AArJ0NvT0on8mZb/6U5s4EMUiSwvNZ0pTytE9rZzoqWWNZhXljdm3A==",
      "license": "MIT",
      "os": [
        "darwin",
        "linux"
      ],
      "bin": {
        "clawplay": "clawplay"
      },
      "engines": {
        "node": ">=18"
      }
    }
  }
}
